{
  "name": "plugin-splid",
  "lockfileVersion": 3,
  "requires": true,
  "packages": {
    "": {
      "name": "plugin-splid",
      "dependencies": {
        "splid-js": "^1"
      }
    },
    "node_modules/splid-js": {
      "version": "1.5.3",
      "resolved": "https://registry.npmjs.org/splid-js/-/splid-js-1.5.3.tgz",
      "integrity": "sha512-fJ0f5dL42cmBljastRYea+gyiVC1mFpkLPHvhKT/4wM/gsKOpwnf8IQzpDey6UCxsGknhQnVBy8I41kuZVUlCw==",
      "license": "MIT"
    }
  }
}
